
Microsoft Visual Studio Solution File, Format Version 12.00
# Visual Studio Version 16
VisualStudioVersion = 16.0.31702.278
MinimumVisualStudioVersion = 10.0.40219.1
Project("{8BC9CEB8-8B4A-11D0-8D11-00A0C91BC942}") = "二叉树后序遍历_test_10_29", "二叉树后序遍历_test_10_29\二叉树后序遍历_test_10_29.vcxproj", "{03CF2DC1-AF0B-4140-A595-2AA75417F3F9}"
EndProject
Global
	GlobalSection(SolutionConfigurationPlatforms) = preSolution
		Debug|x64 = Debug|x64
		Debug|x86 = Debug|x86
		Release|x64 = Release|x64
		Release|x86 = Release|x86
	EndGlobalSection
	GlobalSection(ProjectConfigurationPlatforms) = postSolution
		{03CF2DC1-AF0B-4140-A595-2AA75417F3F9}.Debug|x64.ActiveCfg = Debug|x64
		{03CF2DC1-AF0B-4140-A595-2AA75417F3F9}.Debug|x64.Build.0 = Debug|x64
		{03CF2DC1-AF0B-4140-A595-2AA75417F3F9}.Debug|x86.ActiveCfg = Debug|Win32
		{03CF2DC1-AF0B-4140-A595-2AA75417F3F9}.Debug|x86.Build.0 = Debug|Win32
		{03CF2DC1-AF0B-4140-A595-2AA75417F3F9}.Release|x64.ActiveCfg = Release|x64
		{03CF2DC1-AF0B-4140-A595-2AA75417F3F9}.Release|x64.Build.0 = Release|x64
		{03CF2DC1-AF0B-4140-A595-2AA75417F3F9}.Release|x86.ActiveCfg = Release|Win32
		{03CF2DC1-AF0B-4140-A595-2AA75417F3F9}.Release|x86.Build.0 = Release|Win32
	EndGlobalSection
	GlobalSection(SolutionProperties) = preSolution
		HideSolutionNode = FALSE
	EndGlobalSection
	GlobalSection(ExtensibilityGlobals) = postSolution
		SolutionGuid = {3552011A-4BE5-4925-B7CE-2932DEA23C96}
	EndGlobalSection
EndGlobal
